
Microsoft Visual Studio Solution File, Format Version 12.00
# Visual Studio Version 17
VisualStudioVersion = 17.0.32126.317
MinimumVisualStudioVersion = 10.0.40219.1
Project("{FAE04EC0-301F-11D3-BF4B-00C04F79EFBC}") = "QuickRestart", "QuickRestart.csproj", "{D4DAC6D6-AAAE-4A6F-B6DE-E41475F19EF9}"
EndProject
Global
	GlobalSection(SolutionConfigurationPlatforms) = preSolution
		Debug|Any CPU = Debug|Any CPU
		Release|Any CPU = Release|Any CPU
	EndGlobalSection
	GlobalSection(ProjectConfigurationPlatforms) = postSolution
		{D4DAC6D6-AAAE-4A6F-B6DE-E41475F19EF9}.Debug|Any CPU.ActiveCfg = Debug|Any CPU
		{D4DAC6D6-AAAE-4A6F-B6DE-E41475F19EF9}.Debug|Any CPU.Build.0 = Debug|Any CPU
		{D4DAC6D6-AAAE-4A6F-B6DE-E41475F19EF9}.Release|Any CPU.ActiveCfg = Release|Any CPU
		{D4DAC6D6-AAAE-4A6F-B6DE-E41475F19EF9}.Release|Any CPU.Build.0 = Release|Any CPU
	EndGlobalSection
	GlobalSection(SolutionProperties) = preSolution
		HideSolutionNode = FALSE
	EndGlobalSection
	GlobalSection(ExtensibilityGlobals) = postSolution
		SolutionGuid = {05DA7E03-A10E-4B1A-8FC9-11F61DB676A1}
	EndGlobalSection
EndGlobal
