
Microsoft Visual Studio Solution File, Format Version 12.00
# Visual Studio Version 17
VisualStudioVersion = 17.8.34330.188
MinimumVisualStudioVersion = 10.0.40219.1
Project("{FAE04EC0-301F-11D3-BF4B-00C04F79EFBC}") = "QuickRestart", "QuickRestart.csproj", "{FF173D17-02EA-4501-8C5C-B929E346A820}"
EndProject
Global
	GlobalSection(SolutionConfigurationPlatforms) = preSolution
		Debug|Any CPU = Debug|Any CPU
		Release|Any CPU = Release|Any CPU
	EndGlobalSection
	GlobalSection(ProjectConfigurationPlatforms) = postSolution
		{FF173D17-02EA-4501-8C5C-B929E346A820}.Debug|Any CPU.ActiveCfg = Debug|Any CPU
		{FF173D17-02EA-4501-8C5C-B929E346A820}.Debug|Any CPU.Build.0 = Debug|Any CPU
		{FF173D17-02EA-4501-8C5C-B929E346A820}.Release|Any CPU.ActiveCfg = Release|Any CPU
		{FF173D17-02EA-4501-8C5C-B929E346A820}.Release|Any CPU.Build.0 = Release|Any CPU
	EndGlobalSection
	GlobalSection(SolutionProperties) = preSolution
		HideSolutionNode = FALSE
	EndGlobalSection
	GlobalSection(ExtensibilityGlobals) = postSolution
		SolutionGuid = {27D5AE2F-D621-4F8D-BB90-AA429081378B}
	EndGlobalSection
EndGlobal
